
Microsoft Visual Studio Solution File, Format Version 12.00
# Visual Studio 14
VisualStudioVersion = 14.0.25420.1
MinimumVisualStudioVersion = 10.0.40219.1
Project("{FAE04EC0-301F-11D3-BF4B-00C04F79EFBC}") = "WebApplication1", "WebApplication1\WebApplication1.csproj", "{0A21767C-CB84-4C48-B098-3BEA518ABBCA}"
EndProject
Project("{FAE04EC0-301F-11D3-BF4B-00C04F79EFBC}") = "WebApplication1.Tests", "WebApplication1.Tests\WebApplication1.Tests.csproj", "{1FA29BAA-4B89-4B83-8934-2E817B643499}"
EndProject
Global
	GlobalSection(SolutionConfigurationPlatforms) = preSolution
		Debug|Any CPU = Debug|Any CPU
		Release|Any CPU = Release|Any CPU
	EndGlobalSection
	GlobalSection(ProjectConfigurationPlatforms) = postSolution
		{0A21767C-CB84-4C48-B098-3BEA518ABBCA}.Debug|Any CPU.ActiveCfg = Debug|Any CPU
		{0A21767C-CB84-4C48-B098-3BEA518ABBCA}.Debug|Any CPU.Build.0 = Debug|Any CPU
		{0A21767C-CB84-4C48-B098-3BEA518ABBCA}.Release|Any CPU.ActiveCfg = Release|Any CPU
		{0A21767C-CB84-4C48-B098-3BEA518ABBCA}.Release|Any CPU.Build.0 = Release|Any CPU
		{1FA29BAA-4B89-4B83-8934-2E817B643499}.Debug|Any CPU.ActiveCfg = Debug|Any CPU
		{1FA29BAA-4B89-4B83-8934-2E817B643499}.Debug|Any CPU.Build.0 = Debug|Any CPU
		{1FA29BAA-4B89-4B83-8934-2E817B643499}.Release|Any CPU.ActiveCfg = Release|Any CPU
		{1FA29BAA-4B89-4B83-8934-2E817B643499}.Release|Any CPU.Build.0 = Release|Any CPU
	EndGlobalSection
	GlobalSection(SolutionProperties) = preSolution
		HideSolutionNode = FALSE
	EndGlobalSection
EndGlobal
